
Microsoft Visual Studio Solution File, Format Version 12.00
# Visual Studio Version 16
VisualStudioVersion = 16.0.29209.62
MinimumVisualStudioVersion = 10.0.40219.1
Project("{FAE04EC0-301F-11D3-BF4B-00C04F79EFBC}") = "KeenReloaded2", "KeenReloaded2\KeenReloaded2.csproj", "{C25C9C02-F90D-4124-BC20-853A042D19E6}"
EndProject
Project("{FAE04EC0-301F-11D3-BF4B-00C04F79EFBC}") = "KeenReloaded2.Graphics", "KeenReloaded2.Drawing\KeenReloaded2.Graphics.csproj", "{8CE4860D-ECE9-456C-AE3E-0E816F950328}"
EndProject
Project("{FAE04EC0-301F-11D3-BF4B-00C04F79EFBC}") = "KeenReloaded2.Constants", "KeenReloaded2.Constants\KeenReloaded2.Constants.csproj", "{2E1F0654-B7C5-4D8F-9688-A9335D048254}"
EndProject
Project("{FAE04EC0-301F-11D3-BF4B-00C04F79EFBC}") = "KeenReloaded2.Utilities", "KeenReloaded2.Utilities\KeenReloaded2.Utilities.csproj", "{B486FD57-020E-49AC-B895-6924C0A4F3E5}"
EndProject
Project("{FAE04EC0-301F-11D3-BF4B-00C04F79EFBC}") = "KeenReloaded2.Framework", "KeenReloaded2.Framework\KeenReloaded2.Framework.csproj", "{1C5A10EC-3E1C-4FD6-8A36-FC7AD42F7FDC}"
EndProject
Global
	GlobalSection(SolutionConfigurationPlatforms) = preSolution
		Debug|Any CPU = Debug|Any CPU
		Release|Any CPU = Release|Any CPU
	EndGlobalSection
	GlobalSection(ProjectConfigurationPlatforms) = postSolution
		{C25C9C02-F90D-4124-BC20-853A042D19E6}.Debug|Any CPU.ActiveCfg = Debug|Any CPU
		{C25C9C02-F90D-4124-BC20-853A042D19E6}.Debug|Any CPU.Build.0 = Debug|Any CPU
		{C25C9C02-F90D-4124-BC20-853A042D19E6}.Release|Any CPU.ActiveCfg = Release|Any CPU
		{C25C9C02-F90D-4124-BC20-853A042D19E6}.Release|Any CPU.Build.0 = Release|Any CPU
		{8CE4860D-ECE9-456C-AE3E-0E816F950328}.Debug|Any CPU.ActiveCfg = Debug|Any CPU
		{8CE4860D-ECE9-456C-AE3E-0E816F950328}.Debug|Any CPU.Build.0 = Debug|Any CPU
		{8CE4860D-ECE9-456C-AE3E-0E816F950328}.Release|Any CPU.ActiveCfg = Release|Any CPU
		{8CE4860D-ECE9-456C-AE3E-0E816F950328}.Release|Any CPU.Build.0 = Release|Any CPU
		{2E1F0654-B7C5-4D8F-9688-A9335D048254}.Debug|Any CPU.ActiveCfg = Debug|Any CPU
		{2E1F0654-B7C5-4D8F-9688-A9335D048254}.Debug|Any CPU.Build.0 = Debug|Any CPU
		{2E1F0654-B7C5-4D8F-9688-A9335D048254}.Release|Any CPU.ActiveCfg = Release|Any CPU
		{2E1F0654-B7C5-4D8F-9688-A9335D048254}.Release|Any CPU.Build.0 = Release|Any CPU
		{B486FD57-020E-49AC-B895-6924C0A4F3E5}.Debug|Any CPU.ActiveCfg = Debug|Any CPU
		{B486FD57-020E-49AC-B895-6924C0A4F3E5}.Debug|Any CPU.Build.0 = Debug|Any CPU
		{B486FD57-020E-49AC-B895-6924C0A4F3E5}.Release|Any CPU.ActiveCfg = Release|Any CPU
		{B486FD57-020E-49AC-B895-6924C0A4F3E5}.Release|Any CPU.Build.0 = Release|Any CPU
		{1C5A10EC-3E1C-4FD6-8A36-FC7AD42F7FDC}.Debug|Any CPU.ActiveCfg = Debug|Any CPU
		{1C5A10EC-3E1C-4FD6-8A36-FC7AD42F7FDC}.Debug|Any CPU.Build.0 = Debug|Any CPU
		{1C5A10EC-3E1C-4FD6-8A36-FC7AD42F7FDC}.Release|Any CPU.ActiveCfg = Release|Any CPU
		{1C5A10EC-3E1C-4FD6-8A36-FC7AD42F7FDC}.Release|Any CPU.Build.0 = Release|Any CPU
	EndGlobalSection
	GlobalSection(SolutionProperties) = preSolution
		HideSolutionNode = FALSE
	EndGlobalSection
	GlobalSection(ExtensibilityGlobals) = postSolution
		SolutionGuid = {266FDEAD-2553-4C1E-9429-A7E4A9057711}
	EndGlobalSection
EndGlobal
